<?xml version="1.0" encoding="utf-8"?>
<Project ToolsVersion="4.0" xmlns="http://schemas.microsoft.com/developer/msbuild/2003">
  <ItemGroup>
    <Filter Include="Source Files">
      <UniqueIdentifier>{4FC737F1-C7A5-4376-A066-2A32D752A2FF}</UniqueIdentifier>
      <Extensions>cpp;c;cc;cxx;def;odl;idl;hpj;bat;asm;asmx</Extensions>
    </Filter>
    <Filter Include="Header Files">
      <UniqueIdentifier>{93995380-89BD-4b04-88EB-625FBE52EBFB}</UniqueIdentifier>
      <Extensions>h;hh;hpp;hxx;hm;inl;inc;xsd</Extensions>
    </Filter>
    <Filter Include="3rdParty">
      <UniqueIdentifier>{695b3074-61e8-4814-a64b-054ba61b801b}</UniqueIdentifier>
    </Filter>
    <Filter Include="Header Files\Windows">
      <UniqueIdentifier>{bc1ab912-6d05-459c-b4dc-1a3b32815277}</UniqueIdentifier>
    </Filter>
    <Filter Include="Source Files\Windows">
      <UniqueIdentifier>{bf8afc9e-a084-4c7e-921b-fbfba418b987}</UniqueIdentifier>
    </Filter>
  </ItemGroup>
  <ItemGroup>
    <ClCompile Include="src\ipc.cpp">
      <Filter>Source Files</Filter>
    </ClCompile>
    <ClCompile Include="src\main.cpp">
      <Filter>Source Files</Filter>
    </ClCompile>
    <ClCompile Include="src\settings.cpp">
      <Filter>Source Files</Filter>
    </ClCompile>
    <ClCompile Include="src\twitch.cpp">
      <Filter>Source Files</Filter>
    </ClCompile>
    <ClCompile Include="src\Windows\winConnect.cpp">
      <Filter>Source Files\Windows</Filter>
    </ClCompile>
    <ClCompile Include="src\Windows\control.cpp">
      <Filter>Source Files\Windows</Filter>
    </ClCompile>
  </ItemGroup>
  <ItemGroup>
    <ClInclude Include="header\ipc.h">
      <Filter>Header Files</Filter>
    </ClInclude>
    <ClInclude Include="header\settings.h">
      <Filter>Header Files</Filter>
    </ClInclude>
    <ClInclude Include="header\twitch.h">
      <Filter>Header Files</Filter>
    </ClInclude>
    <ClInclude Include="Header\Windows\winConnect.h">
      <Filter>Header Files\Windows</Filter>
    </ClInclude>
    <ClInclude Include="Header\Windows\control.h">
      <Filter>Header Files\Windows</Filter>
    </ClInclude>
    <ClInclude Include="3rdparty\json.hpp">
      <Filter>3rdParty</Filter>
    </ClInclude>
  </ItemGroup>
</Project>